
Microsoft Visual Studio Solution File, Format Version 12.00
# Visual Studio Version 17
VisualStudioVersion = 17.6.33723.286
MinimumVisualStudioVersion = 10.0.40219.1
Project("{FAE04EC0-301F-11D3-BF4B-00C04F79EFBC}") = "smarthomesui", "smarthomesui\smarthomesui.csproj", "{333733B4-043C-4448-A47E-5C4B63A48079}"
EndProject
Global
	GlobalSection(SolutionConfigurationPlatforms) = preSolution
		Debug|Any CPU = Debug|Any CPU
		Release|Any CPU = Release|Any CPU
	EndGlobalSection
	GlobalSection(ProjectConfigurationPlatforms) = postSolution
		{333733B4-043C-4448-A47E-5C4B63A48079}.Debug|Any CPU.ActiveCfg = Debug|Any CPU
		{333733B4-043C-4448-A47E-5C4B63A48079}.Debug|Any CPU.Build.0 = Debug|Any CPU
		{333733B4-043C-4448-A47E-5C4B63A48079}.Release|Any CPU.ActiveCfg = Release|Any CPU
		{333733B4-043C-4448-A47E-5C4B63A48079}.Release|Any CPU.Build.0 = Release|Any CPU
	EndGlobalSection
	GlobalSection(SolutionProperties) = preSolution
		HideSolutionNode = FALSE
	EndGlobalSection
	GlobalSection(ExtensibilityGlobals) = postSolution
		SolutionGuid = {C987CB72-AD73-4D76-ACC1-468938FB4B21}
	EndGlobalSection
EndGlobal
